
Microsoft Visual Studio Solution File, Format Version 12.00
# Visual Studio Version 17
VisualStudioVersion = 17.9.34607.119
MinimumVisualStudioVersion = 10.0.40219.1
Project("{FAE04EC0-301F-11D3-BF4B-00C04F79EFBC}") = "AspCoreAuthWebApplication", "AspCoreAuthWebApplication\AspCoreAuthWebApplication.csproj", "{B1995DE5-4512-475B-85DD-D1F142CA0AEE}"
EndProject
Global
	GlobalSection(SolutionConfigurationPlatforms) = preSolution
		Debug|Any CPU = Debug|Any CPU
		Release|Any CPU = Release|Any CPU
	EndGlobalSection
	GlobalSection(ProjectConfigurationPlatforms) = postSolution
		{B1995DE5-4512-475B-85DD-D1F142CA0AEE}.Debug|Any CPU.ActiveCfg = Debug|Any CPU
		{B1995DE5-4512-475B-85DD-D1F142CA0AEE}.Debug|Any CPU.Build.0 = Debug|Any CPU
		{B1995DE5-4512-475B-85DD-D1F142CA0AEE}.Release|Any CPU.ActiveCfg = Release|Any CPU
		{B1995DE5-4512-475B-85DD-D1F142CA0AEE}.Release|Any CPU.Build.0 = Release|Any CPU
	EndGlobalSection
	GlobalSection(SolutionProperties) = preSolution
		HideSolutionNode = FALSE
	EndGlobalSection
	GlobalSection(ExtensibilityGlobals) = postSolution
		SolutionGuid = {A1FCF720-6415-4C6D-BC3E-265AE7D0C289}
	EndGlobalSection
EndGlobal
